
Microsoft Visual Studio Solution File, Format Version 12.00
# Visual Studio Version 17
VisualStudioVersion = 17.13.35806.99 d17.13
MinimumVisualStudioVersion = 10.0.40219.1
Project("{FAE04EC0-301F-11D3-BF4B-00C04F79EFBC}") = "BookHavenWebAPI", "BookHavenWebAPI\BookHavenWebAPI.csproj", "{0B1CE2A9-A431-4E6F-9241-7A0A64EEDC0E}"
EndProject
Project("{FAE04EC0-301F-11D3-BF4B-00C04F79EFBC}") = "BookHavenWebAPI.Buisness", "BookHavenWebAPI.Buisness\BookHavenWebAPI.Buisness.csproj", "{E29F9E12-A717-4D5C-B538-799445D63DD5}"
EndProject
Project("{FAE04EC0-301F-11D3-BF4B-00C04F79EFBC}") = "BookHavenWebAPI.Core", "BookHavenWebAPI.Core\BookHavenWebAPI.Core.csproj", "{2E2F035E-EA9C-42A8-8803-E18A65A4D3B0}"
EndProject
Project("{FAE04EC0-301F-11D3-BF4B-00C04F79EFBC}") = "BookHavenWebAPI.CQS", "BookHavenWebAPI.CQS\BookHavenWebAPI.CQS.csproj", "{02992137-5647-41F5-A01D-CAF2E9655207}"
EndProject
Project("{FAE04EC0-301F-11D3-BF4B-00C04F79EFBC}") = "BookHavenWebAPI.DataBase", "BookHavenWebAPI.DataBase\BookHavenWebAPI.DataBase.csproj", "{2822E46E-2EF4-4011-B616-148CC92541E9}"
EndProject
Global
	GlobalSection(SolutionConfigurationPlatforms) = preSolution
		Debug|Any CPU = Debug|Any CPU
		Release|Any CPU = Release|Any CPU
	EndGlobalSection
	GlobalSection(ProjectConfigurationPlatforms) = postSolution
		{0B1CE2A9-A431-4E6F-9241-7A0A64EEDC0E}.Debug|Any CPU.ActiveCfg = Debug|Any CPU
		{0B1CE2A9-A431-4E6F-9241-7A0A64EEDC0E}.Debug|Any CPU.Build.0 = Debug|Any CPU
		{0B1CE2A9-A431-4E6F-9241-7A0A64EEDC0E}.Release|Any CPU.ActiveCfg = Release|Any CPU
		{0B1CE2A9-A431-4E6F-9241-7A0A64EEDC0E}.Release|Any CPU.Build.0 = Release|Any CPU
		{E29F9E12-A717-4D5C-B538-799445D63DD5}.Debug|Any CPU.ActiveCfg = Debug|Any CPU
		{E29F9E12-A717-4D5C-B538-799445D63DD5}.Debug|Any CPU.Build.0 = Debug|Any CPU
		{E29F9E12-A717-4D5C-B538-799445D63DD5}.Release|Any CPU.ActiveCfg = Release|Any CPU
		{E29F9E12-A717-4D5C-B538-799445D63DD5}.Release|Any CPU.Build.0 = Release|Any CPU
		{2E2F035E-EA9C-42A8-8803-E18A65A4D3B0}.Debug|Any CPU.ActiveCfg = Debug|Any CPU
		{2E2F035E-EA9C-42A8-8803-E18A65A4D3B0}.Debug|Any CPU.Build.0 = Debug|Any CPU
		{2E2F035E-EA9C-42A8-8803-E18A65A4D3B0}.Release|Any CPU.ActiveCfg = Release|Any CPU
		{2E2F035E-EA9C-42A8-8803-E18A65A4D3B0}.Release|Any CPU.Build.0 = Release|Any CPU
		{02992137-5647-41F5-A01D-CAF2E9655207}.Debug|Any CPU.ActiveCfg = Debug|Any CPU
		{02992137-5647-41F5-A01D-CAF2E9655207}.Debug|Any CPU.Build.0 = Debug|Any CPU
		{02992137-5647-41F5-A01D-CAF2E9655207}.Release|Any CPU.ActiveCfg = Release|Any CPU
		{02992137-5647-41F5-A01D-CAF2E9655207}.Release|Any CPU.Build.0 = Release|Any CPU
		{2822E46E-2EF4-4011-B616-148CC92541E9}.Debug|Any CPU.ActiveCfg = Debug|Any CPU
		{2822E46E-2EF4-4011-B616-148CC92541E9}.Debug|Any CPU.Build.0 = Debug|Any CPU
		{2822E46E-2EF4-4011-B616-148CC92541E9}.Release|Any CPU.ActiveCfg = Release|Any CPU
		{2822E46E-2EF4-4011-B616-148CC92541E9}.Release|Any CPU.Build.0 = Release|Any CPU
	EndGlobalSection
	GlobalSection(SolutionProperties) = preSolution
		HideSolutionNode = FALSE
	EndGlobalSection
	GlobalSection(ExtensibilityGlobals) = postSolution
		SolutionGuid = {81F82D5F-5CD5-4459-B517-C5CB28F5A471}
	EndGlobalSection
EndGlobal
